
Microsoft Visual Studio Solution File, Format Version 11.00
# Visual Studio 2010
# SharpDevelop 5.1
Project("{FAE04EC0-301F-11D3-BF4B-00C04F79EFBC}") = "tores_console", "tores_console\tores_console.csproj", "{0C54DA0C-4C92-4E23-AA7E-31E12BFA0B86}"
EndProject
Global
	GlobalSection(SolutionConfigurationPlatforms) = preSolution
		Debug|Any CPU = Debug|Any CPU
		Release|Any CPU = Release|Any CPU
	EndGlobalSection
	GlobalSection(ProjectConfigurationPlatforms) = postSolution
		{0C54DA0C-4C92-4E23-AA7E-31E12BFA0B86}.Debug|Any CPU.ActiveCfg = Debug|Any CPU
		{0C54DA0C-4C92-4E23-AA7E-31E12BFA0B86}.Debug|Any CPU.Build.0 = Debug|Any CPU
		{0C54DA0C-4C92-4E23-AA7E-31E12BFA0B86}.Release|Any CPU.ActiveCfg = Release|Any CPU
		{0C54DA0C-4C92-4E23-AA7E-31E12BFA0B86}.Release|Any CPU.Build.0 = Release|Any CPU
	EndGlobalSection
EndGlobal
